Microsoft Visual Studio Solution File, Format Version 12.00
# Visual Studio Version 17
VisualStudioVersion = 17.5.2.0
MinimumVisualStudioVersion = 10.0.40219.1
Project("{FAE04EC0-301F-11D3-BF4B-00C04F79EFBC}") = "BMSSimulator", "BMSSimulator.csproj", "{6BA63FE0-8639-A7EA-BEA5-F0C400A505F6}"
EndProject
Global
	GlobalSection(SolutionConfigurationPlatforms) = preSolution
		Debug|Any CPU = Debug|Any CPU
		Release|Any CPU = Release|Any CPU
	EndGlobalSection
	GlobalSection(ProjectConfigurationPlatforms) = postSolution
		{6BA63FE0-8639-A7EA-BEA5-F0C400A505F6}.Debug|Any CPU.ActiveCfg = Debug|Any CPU
		{6BA63FE0-8639-A7EA-BEA5-F0C400A505F6}.Debug|Any CPU.Build.0 = Debug|Any CPU
		{6BA63FE0-8639-A7EA-BEA5-F0C400A505F6}.Release|Any CPU.ActiveCfg = Release|Any CPU
		{6BA63FE0-8639-A7EA-BEA5-F0C400A505F6}.Release|Any CPU.Build.0 = Release|Any CPU
	EndGlobalSection
	GlobalSection(SolutionProperties) = preSolution
		HideSolutionNode = FALSE
	EndGlobalSection
	GlobalSection(ExtensibilityGlobals) = postSolution
		SolutionGuid = {C44A53E7-929B-4FD3-BF29-EF0AB92DC615}
	EndGlobalSection
EndGlobal
